
Microsoft Visual Studio Solution File, Format Version 12.00
# Visual Studio Version 17
VisualStudioVersion = 17.14.36414.22 d17.14
MinimumVisualStudioVersion = 10.0.40219.1
Project("{FAE04EC0-301F-11D3-BF4B-00C04F79EFBC}") = "ConsoleApp3", "ConsoleApp3.csproj", "{806A8D40-6418-4771-8471-8C1DD1DB18A2}"
EndProject
Global
	GlobalSection(SolutionConfigurationPlatforms) = preSolution
		Debug|Any CPU = Debug|Any CPU
		Release|Any CPU = Release|Any CPU
	EndGlobalSection
	GlobalSection(ProjectConfigurationPlatforms) = postSolution
		{806A8D40-6418-4771-8471-8C1DD1DB18A2}.Debug|Any CPU.ActiveCfg = Debug|Any CPU
		{806A8D40-6418-4771-8471-8C1DD1DB18A2}.Debug|Any CPU.Build.0 = Debug|Any CPU
		{806A8D40-6418-4771-8471-8C1DD1DB18A2}.Release|Any CPU.ActiveCfg = Release|Any CPU
		{806A8D40-6418-4771-8471-8C1DD1DB18A2}.Release|Any CPU.Build.0 = Release|Any CPU
	EndGlobalSection
	GlobalSection(SolutionProperties) = preSolution
		HideSolutionNode = FALSE
	EndGlobalSection
	GlobalSection(ExtensibilityGlobals) = postSolution
		SolutionGuid = {10A666FC-18BD-4370-AFB1-B707FC3EA52F}
	EndGlobalSection
EndGlobal
