
Microsoft Visual Studio Solution File, Format Version 12.00
# Visual Studio Version 17
VisualStudioVersion = 17.14.36414.22 d17.14
MinimumVisualStudioVersion = 10.0.40219.1
Project("{FAE04EC0-301F-11D3-BF4B-00C04F79EFBC}") = "Day-01", "Day-01\Day-01.csproj", "{5C03370E-F07B-45EA-A449-62AFF4D18A02}"
EndProject
Global
	GlobalSection(SolutionConfigurationPlatforms) = preSolution
		Debug|Any CPU = Debug|Any CPU
		Release|Any CPU = Release|Any CPU
	EndGlobalSection
	GlobalSection(ProjectConfigurationPlatforms) = postSolution
		{5C03370E-F07B-45EA-A449-62AFF4D18A02}.Debug|Any CPU.ActiveCfg = Debug|Any CPU
		{5C03370E-F07B-45EA-A449-62AFF4D18A02}.Debug|Any CPU.Build.0 = Debug|Any CPU
		{5C03370E-F07B-45EA-A449-62AFF4D18A02}.Release|Any CPU.ActiveCfg = Release|Any CPU
		{5C03370E-F07B-45EA-A449-62AFF4D18A02}.Release|Any CPU.Build.0 = Release|Any CPU
	EndGlobalSection
	GlobalSection(SolutionProperties) = preSolution
		HideSolutionNode = FALSE
	EndGlobalSection
	GlobalSection(ExtensibilityGlobals) = postSolution
		SolutionGuid = {B61BD989-6048-42D1-AD36-7A0791AEA541}
	EndGlobalSection
EndGlobal
