
Microsoft Visual Studio Solution File, Format Version 12.00
# Visual Studio Version 17
VisualStudioVersion = 17.14.36414.22 d17.14
MinimumVisualStudioVersion = 10.0.40219.1
Project("{FAE04EC0-301F-11D3-BF4B-00C04F79EFBC}") = "ToDoListApp", "ToDoListApp.csproj", "{0FD89414-7FC9-4326-B550-D7F5F96F7FA1}"
EndProject
Global
	GlobalSection(SolutionConfigurationPlatforms) = preSolution
		Debug|Any CPU = Debug|Any CPU
		Release|Any CPU = Release|Any CPU
	EndGlobalSection
	GlobalSection(ProjectConfigurationPlatforms) = postSolution
		{0FD89414-7FC9-4326-B550-D7F5F96F7FA1}.Debug|Any CPU.ActiveCfg = Debug|Any CPU
		{0FD89414-7FC9-4326-B550-D7F5F96F7FA1}.Debug|Any CPU.Build.0 = Debug|Any CPU
		{0FD89414-7FC9-4326-B550-D7F5F96F7FA1}.Release|Any CPU.ActiveCfg = Release|Any CPU
		{0FD89414-7FC9-4326-B550-D7F5F96F7FA1}.Release|Any CPU.Build.0 = Release|Any CPU
	EndGlobalSection
	GlobalSection(SolutionProperties) = preSolution
		HideSolutionNode = FALSE
	EndGlobalSection
	GlobalSection(ExtensibilityGlobals) = postSolution
		SolutionGuid = {F7CB0A96-68C3-45B9-9E78-8B64123F0BFF}
	EndGlobalSection
EndGlobal
