
Microsoft Visual Studio Solution File, Format Version 12.00
# Visual Studio Version 17
VisualStudioVersion = 17.14.36414.22 d17.14
MinimumVisualStudioVersion = 10.0.40219.1
Project("{FAE04EC0-301F-11D3-BF4B-00C04F79EFBC}") = "ConsoleApp1", "ConsoleApp1\ConsoleApp1.csproj", "{5631273C-E08D-46CA-99D8-976976AF6238}"
EndProject
Project("{FAE04EC0-301F-11D3-BF4B-00C04F79EFBC}") = "ConsoleApp2", "ConsoleApp2\ConsoleApp2.csproj", "{0BF52C80-90A9-AAB8-50BD-54373B8B4D6F}"
EndProject
Project("{FAE04EC0-301F-11D3-BF4B-00C04F79EFBC}") = "ConsoleApp3", "ConsoleApp3\ConsoleApp3.csproj", "{6329CA87-9671-25ED-4A09-4EEA9EF96758}"
EndProject
Project("{FAE04EC0-301F-11D3-BF4B-00C04F79EFBC}") = "ConsoleApp4", "ConsoleApp4\ConsoleApp4.csproj", "{539C9239-54A0-6FE0-FF1E-F8A4023404F9}"
EndProject
Project("{FAE04EC0-301F-11D3-BF4B-00C04F79EFBC}") = "ConsoleApp5", "ConsoleApp5\ConsoleApp5.csproj", "{97706979-CB48-4884-AFFD-10703DC5C4FE}"
EndProject
Global
	GlobalSection(SolutionConfigurationPlatforms) = preSolution
		Debug|Any CPU = Debug|Any CPU
		Release|Any CPU = Release|Any CPU
	EndGlobalSection
	GlobalSection(ProjectConfigurationPlatforms) = postSolution
		{5631273C-E08D-46CA-99D8-976976AF6238}.Debug|Any CPU.ActiveCfg = Debug|Any CPU
		{5631273C-E08D-46CA-99D8-976976AF6238}.Debug|Any CPU.Build.0 = Debug|Any CPU
		{5631273C-E08D-46CA-99D8-976976AF6238}.Release|Any CPU.ActiveCfg = Release|Any CPU
		{5631273C-E08D-46CA-99D8-976976AF6238}.Release|Any CPU.Build.0 = Release|Any CPU
		{0BF52C80-90A9-AAB8-50BD-54373B8B4D6F}.Debug|Any CPU.ActiveCfg = Debug|Any CPU
		{0BF52C80-90A9-AAB8-50BD-54373B8B4D6F}.Debug|Any CPU.Build.0 = Debug|Any CPU
		{0BF52C80-90A9-AAB8-50BD-54373B8B4D6F}.Release|Any CPU.ActiveCfg = Release|Any CPU
		{0BF52C80-90A9-AAB8-50BD-54373B8B4D6F}.Release|Any CPU.Build.0 = Release|Any CPU
		{6329CA87-9671-25ED-4A09-4EEA9EF96758}.Debug|Any CPU.ActiveCfg = Debug|Any CPU
		{6329CA87-9671-25ED-4A09-4EEA9EF96758}.Debug|Any CPU.Build.0 = Debug|Any CPU
		{6329CA87-9671-25ED-4A09-4EEA9EF96758}.Release|Any CPU.ActiveCfg = Release|Any CPU
		{6329CA87-9671-25ED-4A09-4EEA9EF96758}.Release|Any CPU.Build.0 = Release|Any CPU
		{539C9239-54A0-6FE0-FF1E-F8A4023404F9}.Debug|Any CPU.ActiveCfg = Debug|Any CPU
		{539C9239-54A0-6FE0-FF1E-F8A4023404F9}.Debug|Any CPU.Build.0 = Debug|Any CPU
		{539C9239-54A0-6FE0-FF1E-F8A4023404F9}.Release|Any CPU.ActiveCfg = Release|Any CPU
		{539C9239-54A0-6FE0-FF1E-F8A4023404F9}.Release|Any CPU.Build.0 = Release|Any CPU
		{97706979-CB48-4884-AFFD-10703DC5C4FE}.Debug|Any CPU.ActiveCfg = Debug|Any CPU
		{97706979-CB48-4884-AFFD-10703DC5C4FE}.Debug|Any CPU.Build.0 = Debug|Any CPU
		{97706979-CB48-4884-AFFD-10703DC5C4FE}.Release|Any CPU.ActiveCfg = Release|Any CPU
		{97706979-CB48-4884-AFFD-10703DC5C4FE}.Release|Any CPU.Build.0 = Release|Any CPU
	EndGlobalSection
	GlobalSection(SolutionProperties) = preSolution
		HideSolutionNode = FALSE
	EndGlobalSection
	GlobalSection(ExtensibilityGlobals) = postSolution
		SolutionGuid = {6207B4A7-50BE-4325-9264-4ABFC2B3B79D}
	EndGlobalSection
EndGlobal
